// !$*UTF8*$!
{
	archiveVersion = 1;
	classes = {
	};
	objectVersion = 56;
	objects = {

/* Begin PBXBuildFile section */
		841429782AFD0BA800B3C243 /* CategoryHome.swift in Sources */ = {isa = PBXBuildFile; fileRef = 841429772AFD0BA800B3C243 /* CategoryHome.swift */; };
		8419C8382AF5389A00DE2E0C /* LandmarksApp.swift in Sources */ = {isa = PBXBuildFile; fileRef = 8419C8372AF5389A00DE2E0C /* LandmarksApp.swift */; };
		8419C83A2AF5389A00DE2E0C /* ContentView.swift in Sources */ = {isa = PBXBuildFile; fileRef = 8419C8392AF5389A00DE2E0C /* ContentView.swift */; };
		8419C83C2AF5389B00DE2E0C /* Assets.xcassets in Resources */ = {isa = PBXBuildFile; fileRef = 8419C83B2AF5389B00DE2E0C /* Assets.xcassets */; };
		8419C83F2AF5389B00DE2E0C /* Preview Assets.xcassets in Resources */ = {isa = PBXBuildFile; fileRef = 8419C83E2AF5389B00DE2E0C /* Preview Assets.xcassets */; };
		8419C8462AF5395A00DE2E0C /* .gitignore in Resources */ = {isa = PBXBuildFile; fileRef = 8419C8452AF5395A00DE2E0C /* .gitignore */; };
		8419C8482AF53A5700DE2E0C /* README.md in Resources */ = {isa = PBXBuildFile; fileRef = 8419C8472AF53A5700DE2E0C /* README.md */; };
		8424539E2AFDBF7E003771A4 /* CategoryRow.swift in Sources */ = {isa = PBXBuildFile; fileRef = 8424539D2AFDBF7E003771A4 /* CategoryRow.swift */; };
		842453A02AFDC5BB003771A4 /* CategoryItem.swift in Sources */ = {isa = PBXBuildFile; fileRef = 8424539F2AFDC5BB003771A4 /* CategoryItem.swift */; };
		843638AE2AFB7FF8001A04A1 /* HexagonParameters.swift in Sources */ = {isa = PBXBuildFile; fileRef = 843638AD2AFB7FF8001A04A1 /* HexagonParameters.swift */; };
		843638B02AFB8202001A04A1 /* BadgeBackground.swift in Sources */ = {isa = PBXBuildFile; fileRef = 843638AF2AFB8202001A04A1 /* BadgeBackground.swift */; };
		843638B22AFBA813001A04A1 /* BadgeSymbol.swift in Sources */ = {isa = PBXBuildFile; fileRef = 843638B12AFBA813001A04A1 /* BadgeSymbol.swift */; };
		843638B42AFBAA6C001A04A1 /* Badge.swift in Sources */ = {isa = PBXBuildFile; fileRef = 843638B32AFBAA6C001A04A1 /* Badge.swift */; };
		843638B62AFBAAED001A04A1 /* RotatedBadgeSymbol.swift in Sources */ = {isa = PBXBuildFile; fileRef = 843638B52AFBAAED001A04A1 /* RotatedBadgeSymbol.swift */; };
		843F54DE2AFCD48F0067DEBD /* hikeData.json in Resources */ = {isa = PBXBuildFile; fileRef = 843F54DD2AFCD48F0067DEBD /* hikeData.json */; };
		843F54E02AFCD4AE0067DEBD /* Hike.swift in Sources */ = {isa = PBXBuildFile; fileRef = 843F54DF2AFCD4AE0067DEBD /* Hike.swift */; };
		843F54E32AFCD63A0067DEBD /* GraphCapsule.swift in Sources */ = {isa = PBXBuildFile; fileRef = 843F54E22AFCD63A0067DEBD /* GraphCapsule.swift */; };
		843F54E52AFCDB210067DEBD /* HikeGraph.swift in Sources */ = {isa = PBXBuildFile; fileRef = 843F54E42AFCDB210067DEBD /* HikeGraph.swift */; };
		843F54E72AFCDF550067DEBD /* HikeDetail.swift in Sources */ = {isa = PBXBuildFile; fileRef = 843F54E62AFCDF550067DEBD /* HikeDetail.swift */; };
		843F54E92AFCE05C0067DEBD /* HikeView.swift in Sources */ = {isa = PBXBuildFile; fileRef = 843F54E82AFCE05C0067DEBD /* HikeView.swift */; };
		8447D5862AF8923800B51F10 /* CircleImage.swift in Sources */ = {isa = PBXBuildFile; fileRef = 8447D5852AF8923800B51F10 /* CircleImage.swift */; };
		8447D5882AF8934D00B51F10 /* MapView.swift in Sources */ = {isa = PBXBuildFile; fileRef = 8447D5872AF8934D00B51F10 /* MapView.swift */; };
		84CDC7A92AFDCEE600269EA1 /* Profile.swift in Sources */ = {isa = PBXBuildFile; fileRef = 84CDC7A82AFDCEE600269EA1 /* Profile.swift */; };
		84CDC7AC2AFDD01500269EA1 /* ProfileHost.swift in Sources */ = {isa = PBXBuildFile; fileRef = 84CDC7AB2AFDD01500269EA1 /* ProfileHost.swift */; };
		84CDC7AE2AFDD07600269EA1 /* ProfileSummary.swift in Sources */ = {isa = PBXBuildFile; fileRef = 84CDC7AD2AFDD07600269EA1 /* ProfileSummary.swift */; };
		84CDC7B02AFDD1CD00269EA1 /* HikeBadge.swift in Sources */ = {isa = PBXBuildFile; fileRef = 84CDC7AF2AFDD1CD00269EA1 /* HikeBadge.swift */; };
		84CDC7B22AFE021600269EA1 /* ProfileEditor.swift in Sources */ = {isa = PBXBuildFile; fileRef = 84CDC7B12AFE021600269EA1 /* ProfileEditor.swift */; };
		84CDC7B52AFE06E800269EA1 /* PageViewController.swift in Sources */ = {isa = PBXBuildFile; fileRef = 84CDC7B42AFE06E800269EA1 /* PageViewController.swift */; };
		84CDC7B72AFE08DC00269EA1 /* FeatureCard.swift in Sources */ = {isa = PBXBuildFile; fileRef = 84CDC7B62AFE08DC00269EA1 /* FeatureCard.swift */; };
		84CDC7B92AFE0CD500269EA1 /* PageView.swift in Sources */ = {isa = PBXBuildFile; fileRef = 84CDC7B82AFE0CD500269EA1 /* PageView.swift */; };
		84CDC7BB2AFE237100269EA1 /* PageControl.swift in Sources */ = {isa = PBXBuildFile; fileRef = 84CDC7BA2AFE237100269EA1 /* PageControl.swift */; };
		84D554B32AFA6C4F00516BDB /* FavoriteButton.swift in Sources */ = {isa = PBXBuildFile; fileRef = 84D554B22AFA6C4F00516BDB /* FavoriteButton.swift */; };
		84F51A5A2AF8B77E00C663CA /* landmarkData.json in Resources */ = {isa = PBXBuildFile; fileRef = 84F51A592AF8B77E00C663CA /* landmarkData.json */; };
		84F51A5C2AF8B7AF00C663CA /* Landmark.swift in Sources */ = {isa = PBXBuildFile; fileRef = 84F51A5B2AF8B7AF00C663CA /* Landmark.swift */; };
		84F51A5E2AF8B92D00C663CA /* ModelData.swift in Sources */ = {isa = PBXBuildFile; fileRef = 84F51A5D2AF8B92D00C663CA /* ModelData.swift */; };
		84F51A622AF8BB5600C663CA /* LandmarkRow.swift in Sources */ = {isa = PBXBuildFile; fileRef = 84F51A612AF8BB5600C663CA /* LandmarkRow.swift */; };
		84FBB86F2AF9FAE0008C8357 /* LandmarkList.swift in Sources */ = {isa = PBXBuildFile; fileRef = 84FBB86E2AF9FAE0008C8357 /* LandmarkList.swift */; };
		84FBB8712AF9FC1A008C8357 /* LandmarkDetail.swift in Sources */ = {isa = PBXBuildFile; fileRef = 84FBB8702AF9FC1A008C8357 /* LandmarkDetail.swift */; };
/* End PBXBuildFile section */

/* Begin PBXFileReference section */
		841429772AFD0BA800B3C243 /* CategoryHome.swift */ = {isa = PBXFileReference; lastKnownFileType = sourcecode.swift; path = CategoryHome.swift; sourceTree = "<group>"; };
		8419C8342AF5389A00DE2E0C /* Landmarks.app */ = {isa = PBXFileReference; explicitFileType = wrapper.application; includeInIndex = 0; path = Landmarks.app; sourceTree = BUILT_PRODUCTS_DIR; };
		8419C8372AF5389A00DE2E0C /* LandmarksApp.swift */ = {isa = PBXFileReference; lastKnownFileType = sourcecode.swift; path = LandmarksApp.swift; sourceTree = "<group>"; };
		8419C8392AF5389A00DE2E0C /* ContentView.swift */ = {isa = PBXFileReference; lastKnownFileType = sourcecode.swift; path = ContentView.swift; sourceTree = "<group>"; };
		8419C83B2AF5389B00DE2E0C /* Assets.xcassets */ = {isa = PBXFileReference; lastKnownFileType = folder.assetcatalog; path = Assets.xcassets; sourceTree = "<group>"; };
		8419C83E2AF5389B00DE2E0C /* Preview Assets.xcassets */ = {isa = PBXFileReference; lastKnownFileType = folder.assetcatalog; path = "Preview Assets.xcassets"; sourceTree = "<group>"; };
		8419C8452AF5395A00DE2E0C /* .gitignore */ = {isa = PBXFileReference; lastKnownFileType = text; path = .gitignore; sourceTree = "<group>"; };
		8419C8472AF53A5700DE2E0C /* README.md */ = {isa = PBXFileReference; lastKnownFileType = net.daringfireball.markdown; path = README.md; sourceTree = "<group>"; };
		8424539D2AFDBF7E003771A4 /* CategoryRow.swift */ = {isa = PBXFileReference; lastKnownFileType = sourcecode.swift; path = CategoryRow.swift; sourceTree = "<group>"; };
		8424539F2AFDC5BB003771A4 /* CategoryItem.swift */ = {isa = PBXFileReference; lastKnownFileType = sourcecode.swift; path = CategoryItem.swift; sourceTree = "<group>"; };
		843638AD2AFB7FF8001A04A1 /* HexagonParameters.swift */ = {isa = PBXFileReference; lastKnownFileType = sourcecode.swift; path = HexagonParameters.swift; sourceTree = "<group>"; };
		843638AF2AFB8202001A04A1 /* BadgeBackground.swift */ = {isa = PBXFileReference; lastKnownFileType = sourcecode.swift; path = BadgeBackground.swift; sourceTree = "<group>"; };
		843638B12AFBA813001A04A1 /* BadgeSymbol.swift */ = {isa = PBXFileReference; lastKnownFileType = sourcecode.swift; path = BadgeSymbol.swift; sourceTree = "<group>"; };
		843638B32AFBAA6C001A04A1 /* Badge.swift */ = {isa = PBXFileReference; lastKnownFileType = sourcecode.swift; path = Badge.swift; sourceTree = "<group>"; };
		843638B52AFBAAED001A04A1 /* RotatedBadgeSymbol.swift */ = {isa = PBXFileReference; lastKnownFileType = sourcecode.swift; path = RotatedBadgeSymbol.swift; sourceTree = "<group>"; };
		843F54DD2AFCD48F0067DEBD /* hikeData.json */ = {isa = PBXFileReference; fileEncoding = 4; lastKnownFileType = text.json; path = hikeData.json; sourceTree = "<group>"; };
		843F54DF2AFCD4AE0067DEBD /* Hike.swift */ = {isa = PBXFileReference; lastKnownFileType = sourcecode.swift; path = Hike.swift; sourceTree = "<group>"; };
		843F54E22AFCD63A0067DEBD /* GraphCapsule.swift */ = {isa = PBXFileReference; lastKnownFileType = sourcecode.swift; path = GraphCapsule.swift; sourceTree = "<group>"; };
		843F54E42AFCDB210067DEBD /* HikeGraph.swift */ = {isa = PBXFileReference; lastKnownFileType = sourcecode.swift; path = HikeGraph.swift; sourceTree = "<group>"; };
		843F54E62AFCDF550067DEBD /* HikeDetail.swift */ = {isa = PBXFileReference; lastKnownFileType = sourcecode.swift; path = HikeDetail.swift; sourceTree = "<group>"; };
		843F54E82AFCE05C0067DEBD /* HikeView.swift */ = {isa = PBXFileReference; lastKnownFileType = sourcecode.swift; path = HikeView.swift; sourceTree = "<group>"; };
		8447D5852AF8923800B51F10 /* CircleImage.swift */ = {isa = PBXFileReference; lastKnownFileType = sourcecode.swift; path = CircleImage.swift; sourceTree = "<group>"; };
		8447D5872AF8934D00B51F10 /* MapView.swift */ = {isa = PBXFileReference; lastKnownFileType = sourcecode.swift; path = MapView.swift; sourceTree = "<group>"; };
		84CDC7A82AFDCEE600269EA1 /* Profile.swift */ = {isa = PBXFileReference; lastKnownFileType = sourcecode.swift; path = Profile.swift; sourceTree = "<group>"; };
		84CDC7AB2AFDD01500269EA1 /* ProfileHost.swift */ = {isa = PBXFileReference; lastKnownFileType = sourcecode.swift; path = ProfileHost.swift; sourceTree = "<group>"; };
		84CDC7AD2AFDD07600269EA1 /* ProfileSummary.swift */ = {isa = PBXFileReference; lastKnownFileType = sourcecode.swift; path = ProfileSummary.swift; sourceTree = "<group>"; };
		84CDC7AF2AFDD1CD00269EA1 /* HikeBadge.swift */ = {isa = PBXFileReference; lastKnownFileType = sourcecode.swift; path = HikeBadge.swift; sourceTree = "<group>"; };
		84CDC7B12AFE021600269EA1 /* ProfileEditor.swift */ = {isa = PBXFileReference; lastKnownFileType = sourcecode.swift; path = ProfileEditor.swift; sourceTree = "<group>"; };
		84CDC7B42AFE06E800269EA1 /* PageViewController.swift */ = {isa = PBXFileReference; lastKnownFileType = sourcecode.swift; path = PageViewController.swift; sourceTree = "<group>"; };
		84CDC7B62AFE08DC00269EA1 /* FeatureCard.swift */ = {isa = PBXFileReference; lastKnownFileType = sourcecode.swift; path = FeatureCard.swift; sourceTree = "<group>"; };
		84CDC7B82AFE0CD500269EA1 /* PageView.swift */ = {isa = PBXFileReference; lastKnownFileType = sourcecode.swift; path = PageView.swift; sourceTree = "<group>"; };
		84CDC7BA2AFE237100269EA1 /* PageControl.swift */ = {isa = PBXFileReference; lastKnownFileType = sourcecode.swift; path = PageControl.swift; sourceTree = "<group>"; };
		84D554B22AFA6C4F00516BDB /* FavoriteButton.swift */ = {isa = PBXFileReference; lastKnownFileType = sourcecode.swift; path = FavoriteButton.swift; sourceTree = "<group>"; };
		84F51A592AF8B77E00C663CA /* landmarkData.json */ = {isa = PBXFileReference; lastKnownFileType = text.json; path = landmarkData.json; sourceTree = "<group>"; };
		84F51A5B2AF8B7AF00C663CA /* Landmark.swift */ = {isa = PBXFileReference; lastKnownFileType = sourcecode.swift; path = Landmark.swift; sourceTree = "<group>"; };
		84F51A5D2AF8B92D00C663CA /* ModelData.swift */ = {isa = PBXFileReference; lastKnownFileType = sourcecode.swift; path = ModelData.swift; sourceTree = "<group>"; };
		84F51A612AF8BB5600C663CA /* LandmarkRow.swift */ = {isa = PBXFileReference; lastKnownFileType = sourcecode.swift; path = LandmarkRow.swift; sourceTree = "<group>"; };
		84FBB86E2AF9FAE0008C8357 /* LandmarkList.swift */ = {isa = PBXFileReference; lastKnownFileType = sourcecode.swift; path = LandmarkList.swift; sourceTree = "<group>"; };
		84FBB8702AF9FC1A008C8357 /* LandmarkDetail.swift */ = {isa = PBXFileReference; lastKnownFileType = sourcecode.swift; path = LandmarkDetail.swift; sourceTree = "<group>"; };
/* End PBXFileReference section */

/* Begin PBXFrameworksBuildPhase section */
		8419C8312AF5389A00DE2E0C /* Frameworks */ = {
			isa = PBXFrameworksBuildPhase;
			buildActionMask = 2147483647;
			files = (
			);
			runOnlyForDeploymentPostprocessing = 0;
		};
/* End PBXFrameworksBuildPhase section */

/* Begin PBXGroup section */
		841429762AFD0B7F00B3C243 /* Category */ = {
			isa = PBXGroup;
			children = (
				841429772AFD0BA800B3C243 /* CategoryHome.swift */,
				8424539D2AFDBF7E003771A4 /* CategoryRow.swift */,
				8424539F2AFDC5BB003771A4 /* CategoryItem.swift */,
			);
			path = Category;
			sourceTree = "<group>";
		};
		8419C82B2AF5389A00DE2E0C = {
			isa = PBXGroup;
			children = (
				8419C8472AF53A5700DE2E0C /* README.md */,
				8419C8452AF5395A00DE2E0C /* .gitignore */,
				8419C8362AF5389A00DE2E0C /* Landmarks */,
				8419C8352AF5389A00DE2E0C /* Products */,
			);
			sourceTree = "<group>";
		};
		8419C8352AF5389A00DE2E0C /* Products */ = {
			isa = PBXGroup;
			children = (
				8419C8342AF5389A00DE2E0C /* Landmarks.app */,
			);
			name = Products;
			sourceTree = "<group>";
		};
		8419C8362AF5389A00DE2E0C /* Landmarks */ = {
			isa = PBXGroup;
			children = (
				84F51A602AF8BB2300C663CA /* Model */,
				84F51A5F2AF8BAFD00C663CA /* Views */,
				84F51A582AF8B72300C663CA /* Resources */,
				8419C8372AF5389A00DE2E0C /* LandmarksApp.swift */,
				8419C83B2AF5389B00DE2E0C /* Assets.xcassets */,
				8419C83D2AF5389B00DE2E0C /* Preview Content */,
			);
			path = Landmarks;
			sourceTree = "<group>";
		};
		8419C83D2AF5389B00DE2E0C /* Preview Content */ = {
			isa = PBXGroup;
			children = (
				8419C83E2AF5389B00DE2E0C /* Preview Assets.xcassets */,
			);
			path = "Preview Content";
			sourceTree = "<group>";
		};
		843F54DC2AFCD2CD0067DEBD /* Badges */ = {
			isa = PBXGroup;
			children = (
				843638AD2AFB7FF8001A04A1 /* HexagonParameters.swift */,
				843638AF2AFB8202001A04A1 /* BadgeBackground.swift */,
				843638B12AFBA813001A04A1 /* BadgeSymbol.swift */,
				843638B32AFBAA6C001A04A1 /* Badge.swift */,
				843638B52AFBAAED001A04A1 /* RotatedBadgeSymbol.swift */,
			);
			path = Badges;
			sourceTree = "<group>";
		};
		843F54E12AFCD5F10067DEBD /* Hikes */ = {
			isa = PBXGroup;
			children = (
				843F54E22AFCD63A0067DEBD /* GraphCapsule.swift */,
				843F54E42AFCDB210067DEBD /* HikeGraph.swift */,
				843F54E62AFCDF550067DEBD /* HikeDetail.swift */,
				843F54E82AFCE05C0067DEBD /* HikeView.swift */,
				84CDC7AF2AFDD1CD00269EA1 /* HikeBadge.swift */,
			);
			path = Hikes;
			sourceTree = "<group>";
		};
		84CDC7AA2AFDCFE600269EA1 /* Profiles */ = {
			isa = PBXGroup;
			children = (
				84CDC7AB2AFDD01500269EA1 /* ProfileHost.swift */,
				84CDC7AD2AFDD07600269EA1 /* ProfileSummary.swift */,
				84CDC7B12AFE021600269EA1 /* ProfileEditor.swift */,
			);
			path = Profiles;
			sourceTree = "<group>";
		};
		84CDC7B32AFE06BB00269EA1 /* PageView */ = {
			isa = PBXGroup;
			children = (
				84CDC7B42AFE06E800269EA1 /* PageViewController.swift */,
				84CDC7B82AFE0CD500269EA1 /* PageView.swift */,
				84CDC7BA2AFE237100269EA1 /* PageControl.swift */,
			);
			path = PageView;
			sourceTree = "<group>";
		};
		84D554B42AFA6CD900516BDB /* Landmarks */ = {
			isa = PBXGroup;
			children = (
				84F51A612AF8BB5600C663CA /* LandmarkRow.swift */,
				84FBB86E2AF9FAE0008C8357 /* LandmarkList.swift */,
				84FBB8702AF9FC1A008C8357 /* LandmarkDetail.swift */,
			);
			path = Landmarks;
			sourceTree = "<group>";
		};
		84D554B52AFA6CE300516BDB /* Helpers */ = {
			isa = PBXGroup;
			children = (
				8447D5872AF8934D00B51F10 /* MapView.swift */,
				8447D5852AF8923800B51F10 /* CircleImage.swift */,
				84D554B22AFA6C4F00516BDB /* FavoriteButton.swift */,
			);
			path = Helpers;
			sourceTree = "<group>";
		};
		84F51A582AF8B72300C663CA /* Resources */ = {
			isa = PBXGroup;
			children = (
				843F54DD2AFCD48F0067DEBD /* hikeData.json */,
				84F51A592AF8B77E00C663CA /* landmarkData.json */,
			);
			path = Resources;
			sourceTree = "<group>";
		};
		84F51A5F2AF8BAFD00C663CA /* Views */ = {
			isa = PBXGroup;
			children = (
				8419C8392AF5389A00DE2E0C /* ContentView.swift */,
				84CDC7B32AFE06BB00269EA1 /* PageView */,
				84CDC7AA2AFDCFE600269EA1 /* Profiles */,
				841429762AFD0B7F00B3C243 /* Category */,
				843F54E12AFCD5F10067DEBD /* Hikes */,
				843F54DC2AFCD2CD0067DEBD /* Badges */,
				84D554B52AFA6CE300516BDB /* Helpers */,
				84D554B42AFA6CD900516BDB /* Landmarks */,
				84CDC7B62AFE08DC00269EA1 /* FeatureCard.swift */,
			);
			path = Views;
			sourceTree = "<group>";
		};
		84F51A602AF8BB2300C663CA /* Model */ = {
			isa = PBXGroup;
			children = (
				84F51A5D2AF8B92D00C663CA /* ModelData.swift */,
				84F51A5B2AF8B7AF00C663CA /* Landmark.swift */,
				843F54DF2AFCD4AE0067DEBD /* Hike.swift */,
				84CDC7A82AFDCEE600269EA1 /* Profile.swift */,
			);
			path = Model;
			sourceTree = "<group>";
		};
/* End PBXGroup section */

/* Begin PBXNativeTarget section */
		8419C8332AF5389A00DE2E0C /* Landmarks */ = {
			isa = PBXNativeTarget;
			buildConfigurationList = 8419C8422AF5389B00DE2E0C /* Build configuration list for PBXNativeTarget "Landmarks" */;
			buildPhases = (
				8419C8302AF5389A00DE2E0C /* Sources */,
				8419C8312AF5389A00DE2E0C /* Frameworks */,
				8419C8322AF5389A00DE2E0C /* Resources */,
			);
			buildRules = (
			);
			dependencies = (
			);
			name = Landmarks;
			productName = Landmarks;
			productReference = 8419C8342AF5389A00DE2E0C /* Landmarks.app */;
			productType = "com.apple.product-type.application";
		};
/* End PBXNativeTarget section */

/* Begin PBXProject section */
		8419C82C2AF5389A00DE2E0C /* Project object */ = {
			isa = PBXProject;
			attributes = {
				BuildIndependentTargetsInParallel = 1;
				LastSwiftUpdateCheck = 1500;
				LastUpgradeCheck = 1500;
				TargetAttributes = {
					8419C8332AF5389A00DE2E0C = {
						CreatedOnToolsVersion = 15.0.1;
					};
				};
			};
			buildConfigurationList = 8419C82F2AF5389A00DE2E0C /* Build configuration list for PBXProject "Landmarks" */;
			compatibilityVersion = "Xcode 14.0";
			developmentRegion = en;
			hasScannedForEncodings = 0;
			knownRegions = (
				en,
				Base,
			);
			mainGroup = 8419C82B2AF5389A00DE2E0C;
			productRefGroup = 8419C8352AF5389A00DE2E0C /* Products */;
			projectDirPath = "";
			projectRoot = "";
			targets = (
				8419C8332AF5389A00DE2E0C /* Landmarks */,
			);
		};
/* End PBXProject section */

/* Begin PBXResourcesBuildPhase section */
		8419C8322AF5389A00DE2E0C /* Resources */ = {
			isa = PBXResourcesBuildPhase;
			buildActionMask = 2147483647;
			files = (
				8419C83F2AF5389B00DE2E0C /* Preview Assets.xcassets in Resources */,
				8419C8462AF5395A00DE2E0C /* .gitignore in Resources */,
				8419C8482AF53A5700DE2E0C /* README.md in Resources */,
				84F51A5A2AF8B77E00C663CA /* landmarkData.json in Resources */,
				843F54DE2AFCD48F0067DEBD /* hikeData.json in Resources */,
				8419C83C2AF5389B00DE2E0C /* Assets.xcassets in Resources */,
			);
			runOnlyForDeploymentPostprocessing = 0;
		};
/* End PBXResourcesBuildPhase section */

/* Begin PBXSourcesBuildPhase section */
		8419C8302AF5389A00DE2E0C /* Sources */ = {
			isa = PBXSourcesBuildPhase;
			buildActionMask = 2147483647;
			files = (
				8424539E2AFDBF7E003771A4 /* CategoryRow.swift in Sources */,
				84CDC7A92AFDCEE600269EA1 /* Profile.swift in Sources */,
				8419C83A2AF5389A00DE2E0C /* ContentView.swift in Sources */,
				841429782AFD0BA800B3C243 /* CategoryHome.swift in Sources */,
				84CDC7B72AFE08DC00269EA1 /* FeatureCard.swift in Sources */,
				843F54E52AFCDB210067DEBD /* HikeGraph.swift in Sources */,
				8447D5882AF8934D00B51F10 /* MapView.swift in Sources */,
				8419C8382AF5389A00DE2E0C /* LandmarksApp.swift in Sources */,
				843F54E32AFCD63A0067DEBD /* GraphCapsule.swift in Sources */,
				84D554B32AFA6C4F00516BDB /* FavoriteButton.swift in Sources */,
				84CDC7BB2AFE237100269EA1 /* PageControl.swift in Sources */,
				843638AE2AFB7FF8001A04A1 /* HexagonParameters.swift in Sources */,
				842453A02AFDC5BB003771A4 /* CategoryItem.swift in Sources */,
				843F54E72AFCDF550067DEBD /* HikeDetail.swift in Sources */,
				84CDC7AE2AFDD07600269EA1 /* ProfileSummary.swift in Sources */,
				843638B62AFBAAED001A04A1 /* RotatedBadgeSymbol.swift in Sources */,
				84CDC7AC2AFDD01500269EA1 /* ProfileHost.swift in Sources */,
				843F54E02AFCD4AE0067DEBD /* Hike.swift in Sources */,
				843638B22AFBA813001A04A1 /* BadgeSymbol.swift in Sources */,
				84CDC7B92AFE0CD500269EA1 /* PageView.swift in Sources */,
				84FBB86F2AF9FAE0008C8357 /* LandmarkList.swift in Sources */,
				84CDC7B22AFE021600269EA1 /* ProfileEditor.swift in Sources */,
				843638B42AFBAA6C001A04A1 /* Badge.swift in Sources */,
				843F54E92AFCE05C0067DEBD /* HikeView.swift in Sources */,
				84FBB8712AF9FC1A008C8357 /* LandmarkDetail.swift in Sources */,
				84CDC7B52AFE06E800269EA1 /* PageViewController.swift in Sources */,
				843638B02AFB8202001A04A1 /* BadgeBackground.swift in Sources */,
				84CDC7B02AFDD1CD00269EA1 /* HikeBadge.swift in Sources */,
				8447D5862AF8923800B51F10 /* CircleImage.swift in Sources */,
				84F51A5C2AF8B7AF00C663CA /* Landmark.swift in Sources */,
				84F51A622AF8BB5600C663CA /* LandmarkRow.swift in Sources */,
				84F51A5E2AF8B92D00C663CA /* ModelData.swift in Sources */,
			);
			runOnlyForDeploymentPostprocessing = 0;
		};
/* End PBXSourcesBuildPhase section */

/* Begin XCBuildConfiguration section */
		8419C8402AF5389B00DE2E0C /* Debug */ = {
			isa = XCBuildConfiguration;
			buildSettings = {
				ALWAYS_SEARCH_USER_PATHS = NO;
				ASSETCATALOG_COMPILER_GENERATE_SWIFT_ASSET_SYMBOL_EXTENSIONS = YES;
				CLANG_ANALYZER_NONNULL = YES;
				CLANG_ANALYZER_NUMBER_OBJECT_CONVERSION = YES_AGGRESSIVE;
				CLANG_CXX_LANGUAGE_STANDARD = "gnu++20";
				CLANG_ENABLE_MODULES = YES;
				CLANG_ENABLE_OBJC_ARC = YES;
				CLANG_ENABLE_OBJC_WEAK = YES;
				CLANG_WARN_BLOCK_CAPTURE_AUTORELEASING = YES;
				CLANG_WARN_BOOL_CONVERSION = YES;
				CLANG_WARN_COMMA = YES;
				CLANG_WARN_CONSTANT_CONVERSION = YES;
				CLANG_WARN_DEPRECATED_OBJC_IMPLEMENTATIONS = YES;
				CLANG_WARN_DIRECT_OBJC_ISA_USAGE = YES_ERROR;
				CLANG_WARN_DOCUMENTATION_COMMENTS = YES;
				CLANG_WARN_EMPTY_BODY = YES;
				CLANG_WARN_ENUM_CONVERSION = YES;
				CLANG_WARN_INFINITE_RECURSION = YES;
				CLANG_WARN_INT_CONVERSION = YES;
				CLANG_WARN_NON_LITERAL_NULL_CONVERSION = YES;
				CLANG_WARN_OBJC_IMPLICIT_RETAIN_SELF = YES;
				CLANG_WARN_OBJC_LITERAL_CONVERSION = YES;
				CLANG_WARN_OBJC_ROOT_CLASS = YES_ERROR;
				CLANG_WARN_QUOTED_INCLUDE_IN_FRAMEWORK_HEADER = YES;
				CLANG_WARN_RANGE_LOOP_ANALYSIS = YES;
				CLANG_WARN_STRICT_PROTOTYPES = YES;
				CLANG_WARN_SUSPICIOUS_MOVE = YES;
				CLANG_WARN_UNGUARDED_AVAILABILITY = YES_AGGRESSIVE;
				CLANG_WARN_UNREACHABLE_CODE = YES;
				CLANG_WARN__DUPLICATE_METHOD_MATCH = YES;
				COPY_PHASE_STRIP = NO;
				DEBUG_INFORMATION_FORMAT = dwarf;
				ENABLE_STRICT_OBJC_MSGSEND = YES;
				ENABLE_TESTABILITY = YES;
				ENABLE_USER_SCRIPT_SANDBOXING = YES;
				GCC_C_LANGUAGE_STANDARD = gnu17;
				GCC_DYNAMIC_NO_PIC = NO;
				GCC_NO_COMMON_BLOCKS = YES;
				GCC_OPTIMIZATION_LEVEL = 0;
				GCC_PREPROCESSOR_DEFINITIONS = (
					"DEBUG=1",
					"$(inherited)",
				);
				GCC_WARN_64_TO_32_BIT_CONVERSION = YES;
				GCC_WARN_ABOUT_RETURN_TYPE = YES_ERROR;
				GCC_WARN_UNDECLARED_SELECTOR = YES;
				GCC_WARN_UNINITIALIZED_AUTOS = YES_AGGRESSIVE;
				GCC_WARN_UNUSED_FUNCTION = YES;
				GCC_WARN_UNUSED_VARIABLE = YES;
				IPHONEOS_DEPLOYMENT_TARGET = 17.0;
				LOCALIZATION_PREFERS_STRING_CATALOGS = YES;
				MTL_ENABLE_DEBUG_INFO = INCLUDE_SOURCE;
				MTL_FAST_MATH = YES;
				ONLY_ACTIVE_ARCH = YES;
				SDKROOT = iphoneos;
				SWIFT_ACTIVE_COMPILATION_CONDITIONS = "DEBUG $(inherited)";
				SWIFT_OPTIMIZATION_LEVEL = "-Onone";
			};
			name = Debug;
		};
		8419C8412AF5389B00DE2E0C /* Release */ = {
			isa = XCBuildConfiguration;
			buildSettings = {
				ALWAYS_SEARCH_USER_PATHS = NO;
				ASSETCATALOG_COMPILER_GENERATE_SWIFT_ASSET_SYMBOL_EXTENSIONS = YES;
				CLANG_ANALYZER_NONNULL = YES;
				CLANG_ANALYZER_NUMBER_OBJECT_CONVERSION = YES_AGGRESSIVE;
				CLANG_CXX_LANGUAGE_STANDARD = "gnu++20";
				CLANG_ENABLE_MODULES = YES;
				CLANG_ENABLE_OBJC_ARC = YES;
				CLANG_ENABLE_OBJC_WEAK = YES;
				CLANG_WARN_BLOCK_CAPTURE_AUTORELEASING = YES;
				CLANG_WARN_BOOL_CONVERSION = YES;
				CLANG_WARN_COMMA = YES;
				CLANG_WARN_CONSTANT_CONVERSION = YES;
				CLANG_WARN_DEPRECATED_OBJC_IMPLEMENTATIONS = YES;
				CLANG_WARN_DIRECT_OBJC_ISA_USAGE = YES_ERROR;
				CLANG_WARN_DOCUMENTATION_COMMENTS = YES;
				CLANG_WARN_EMPTY_BODY = YES;
				CLANG_WARN_ENUM_CONVERSION = YES;
				CLANG_WARN_INFINITE_RECURSION = YES;
				CLANG_WARN_INT_CONVERSION = YES;
				CLANG_WARN_NON_LITERAL_NULL_CONVERSION = YES;
				CLANG_WARN_OBJC_IMPLICIT_RETAIN_SELF = YES;
				CLANG_WARN_OBJC_LITERAL_CONVERSION = YES;
				CLANG_WARN_OBJC_ROOT_CLASS = YES_ERROR;
				CLANG_WARN_QUOTED_INCLUDE_IN_FRAMEWORK_HEADER = YES;
				CLANG_WARN_RANGE_LOOP_ANALYSIS = YES;
				CLANG_WARN_STRICT_PROTOTYPES = YES;
				CLANG_WARN_SUSPICIOUS_MOVE = YES;
				CLANG_WARN_UNGUARDED_AVAILABILITY = YES_AGGRESSIVE;
				CLANG_WARN_UNREACHABLE_CODE = YES;
				CLANG_WARN__DUPLICATE_METHOD_MATCH = YES;
				COPY_PHASE_STRIP = NO;
				DEBUG_INFORMATION_FORMAT = "dwarf-with-dsym";
				ENABLE_NS_ASSERTIONS = NO;
				ENABLE_STRICT_OBJC_MSGSEND = YES;
				ENABLE_USER_SCRIPT_SANDBOXING = YES;
				GCC_C_LANGUAGE_STANDARD = gnu17;
				GCC_NO_COMMON_BLOCKS = YES;
				GCC_WARN_64_TO_32_BIT_CONVERSION = YES;
				GCC_WARN_ABOUT_RETURN_TYPE = YES_ERROR;
				GCC_WARN_UNDECLARED_SELECTOR = YES;
				GCC_WARN_UNINITIALIZED_AUTOS = YES_AGGRESSIVE;
				GCC_WARN_UNUSED_FUNCTION = YES;
				GCC_WARN_UNUSED_VARIABLE = YES;
				IPHONEOS_DEPLOYMENT_TARGET = 17.0;
				LOCALIZATION_PREFERS_STRING_CATALOGS = YES;
				MTL_ENABLE_DEBUG_INFO = NO;
				MTL_FAST_MATH = YES;
				SDKROOT = iphoneos;
				SWIFT_COMPILATION_MODE = wholemodule;
				VALIDATE_PRODUCT = YES;
			};
			name = Release;
		};
		8419C8432AF5389B00DE2E0C /* Debug */ = {
			isa = XCBuildConfiguration;
			buildSettings = {
				ASSETCATALOG_COMPILER_APPICON_NAME = AppIcon;
				ASSETCATALOG_COMPILER_GLOBAL_ACCENT_COLOR_NAME = AccentColor;
				CODE_SIGN_STYLE = Automatic;
				CURRENT_PROJECT_VERSION = 1;
				DEVELOPMENT_ASSET_PATHS = "\"Landmarks/Preview Content\"";
				DEVELOPMENT_TEAM = R745SUM445;
				ENABLE_PREVIEWS = YES;
				GENERATE_INFOPLIST_FILE = YES;
				INFOPLIST_KEY_UIApplicationSceneManifest_Generation = YES;
				INFOPLIST_KEY_UIApplicationSupportsIndirectInputEvents = YES;
				INFOPLIST_KEY_UILaunchScreen_Generation = YES;
				INFOPLIST_KEY_UISupportedInterfaceOrientations_iPad = "UIInterfaceOrientationPortrait UIInterfaceOrientationPortraitUpsideDown UIInterfaceOrientationLandscapeLeft UIInterfaceOrientationLandscapeRight";
				INFOPLIST_KEY_UISupportedInterfaceOrientations_iPhone = "UIInterfaceOrientationPortrait UIInterfaceOrientationLandscapeLeft UIInterfaceOrientationLandscapeRight";
				LD_RUNPATH_SEARCH_PATHS = (
					"$(inherited)",
					"@executable_path/Frameworks",
				);
				MARKETING_VERSION = 1.0;
				PRODUCT_BUNDLE_IDENTIFIER = "com.radish-miyazaki.Landmarks";
				PRODUCT_NAME = "$(TARGET_NAME)";
				SWIFT_EMIT_LOC_STRINGS = YES;
				SWIFT_VERSION = 5.0;
				TARGETED_DEVICE_FAMILY = "1,2";
			};
			name = Debug;
		};
		8419C8442AF5389B00DE2E0C /* Release */ = {
			isa = XCBuildConfiguration;
			buildSettings = {
				ASSETCATALOG_COMPILER_APPICON_NAME = AppIcon;
				ASSETCATALOG_COMPILER_GLOBAL_ACCENT_COLOR_NAME = AccentColor;
				CODE_SIGN_STYLE = Automatic;
				CURRENT_PROJECT_VERSION = 1;
				DEVELOPMENT_ASSET_PATHS = "\"Landmarks/Preview Content\"";
				DEVELOPMENT_TEAM = R745SUM445;
				ENABLE_PREVIEWS = YES;
				GENERATE_INFOPLIST_FILE = YES;
				INFOPLIST_KEY_UIApplicationSceneManifest_Generation = YES;
				INFOPLIST_KEY_UIApplicationSupportsIndirectInputEvents = YES;
				INFOPLIST_KEY_UILaunchScreen_Generation = YES;
				INFOPLIST_KEY_UISupportedInterfaceOrientations_iPad = "UIInterfaceOrientationPortrait UIInterfaceOrientationPortraitUpsideDown UIInterfaceOrientationLandscapeLeft UIInterfaceOrientationLandscapeRight";
				INFOPLIST_KEY_UISupportedInterfaceOrientations_iPhone = "UIInterfaceOrientationPortrait UIInterfaceOrientationLandscapeLeft UIInterfaceOrientationLandscapeRight";
				LD_RUNPATH_SEARCH_PATHS = (
					"$(inherited)",
					"@executable_path/Frameworks",
				);
				MARKETING_VERSION = 1.0;
				PRODUCT_BUNDLE_IDENTIFIER = "com.radish-miyazaki.Landmarks";
				PRODUCT_NAME = "$(TARGET_NAME)";
				SWIFT_EMIT_LOC_STRINGS = YES;
				SWIFT_VERSION = 5.0;
				TARGETED_DEVICE_FAMILY = "1,2";
			};
			name = Release;
		};
/* End XCBuildConfiguration section */

/* Begin XCConfigurationList section */
		8419C82F2AF5389A00DE2E0C /* Build configuration list for PBXProject "Landmarks" */ = {
			isa = XCConfigurationList;
			buildConfigurations = (
				8419C8402AF5389B00DE2E0C /* Debug */,
				8419C8412AF5389B00DE2E0C /* Release */,
			);
			defaultConfigurationIsVisible = 0;
			defaultConfigurationName = Release;
		};
		8419C8422AF5389B00DE2E0C /* Build configuration list for PBXNativeTarget "Landmarks" */ = {
			isa = XCConfigurationList;
			buildConfigurations = (
				8419C8432AF5389B00DE2E0C /* Debug */,
				8419C8442AF5389B00DE2E0C /* Release */,
			);
			defaultConfigurationIsVisible = 0;
			defaultConfigurationName = Release;
		};
/* End XCConfigurationList section */
	};
	rootObject = 8419C82C2AF5389A00DE2E0C /* Project object */;
}
